
Microsoft Visual Studio Solution File, Format Version 12.00
# Visual Studio Version 16
VisualStudioVersion = 16.6.30114.105
MinimumVisualStudioVersion = 10.0.40219.1
Project("{FAE04EC0-301F-11D3-BF4B-00C04F79EFBC}") = "CadFuncionario.Domain", "src\CadFuncionario.Domain\CadFuncionario.Domain.csproj", "{CE3D718D-7940-4BB3-91CD-B39B1A810152}"
EndProject
Project("{FAE04EC0-301F-11D3-BF4B-00C04F79EFBC}") = "CadFuncionario.Data", "src\CadFuncionario.Data\CadFuncionario.Data.csproj", "{93724A0B-A9C2-4AFC-BA9B-518026169FC7}"
EndProject
Project("{FAE04EC0-301F-11D3-BF4B-00C04F79EFBC}") = "CadFuncionario.Validations", "src\CadFuncionario.Validations\CadFuncionario.Validations.csproj", "{6D00471A-D5FB-48FB-B59C-D49275453276}"
EndProject
Project("{FAE04EC0-301F-11D3-BF4B-00C04F79EFBC}") = "CadFuncionario.Domain.Tests", "tests\CadFuncionario.Domain.Tests\CadFuncionario.Domain.Tests.csproj", "{65B96FE8-23D3-42AB-AA42-A2549D4C2EA2}"
EndProject
Project("{FAE04EC0-301F-11D3-BF4B-00C04F79EFBC}") = "CadFuncionario.Validations.Tests", "tests\CadFuncionario.Validations.Tests\CadFuncionario.Validations.Tests.csproj", "{C4112D52-7931-420E-9998-2BF29D7D3494}"
EndProject
Project("{FAE04EC0-301F-11D3-BF4B-00C04F79EFBC}") = "CadFuncionario.Application", "src\CadFuncionario.AppService.cs\CadFuncionario.Application.csproj", "{FC32D1D9-B4A6-4F9E-83A8-5F08819D464D}"
EndProject
Project("{FAE04EC0-301F-11D3-BF4B-00C04F79EFBC}") = "CadFuncionario.IoC", "src\CadFuncionario.IoC\CadFuncionario.IoC.csproj", "{585E2762-85C8-461B-8505-D9ECCA4C222C}"
EndProject
Project("{FAE04EC0-301F-11D3-BF4B-00C04F79EFBC}") = "CadFuncionario.Core", "src\CadFuncionario.Core\CadFuncionario.Core.csproj", "{8DAE0E91-0F99-451C-8EBA-91B76BC88F35}"
EndProject
Project("{FAE04EC0-301F-11D3-BF4B-00C04F79EFBC}") = "CadFuncionario.Application.Tests", "tests\CadFuncionario.Application.Tests\CadFuncionario.Application.Tests.csproj", "{79172189-9389-4737-A029-DFD8A7FE26A9}"
EndProject
Project("{FAE04EC0-301F-11D3-BF4B-00C04F79EFBC}") = "CadFuncionario.Api", "src\CadFuncionario.Api\CadFuncionario.Api.csproj", "{59804CCA-7138-4B0B-9EE3-7AA00368A3C4}"
EndProject
Project("{FAE04EC0-301F-11D3-BF4B-00C04F79EFBC}") = "CadFuncionario.Api.Tests", "tests\CadFuncionario.Api.Tests\CadFuncionario.Api.Tests.csproj", "{FC8E9DD1-B3FC-47DA-A7C5-99DE069308F5}"
EndProject
Project("{2150E333-8FDC-42A3-9474-1A3956D46DE8}") = "tests", "tests", "{9FEAFF40-CF55-11EB-A9EE-2567FA006AD4}"
EndProject
Project("{2150E333-8FDC-42A3-9474-1A3956D46DE8}") = "automatizados", "automatizados", "{AD25E410-D417-11EB-985B-8189B2031157}"
EndProject
Project("{FAE04EC0-301F-11D3-BF4B-00C04F79EFBC}") = "CadFuncionario.Tests.Automated", "tests\CadFuncionario.Tests.Automated\CadFuncionario.Tests.Automated.csproj", "{2120D849-45EC-43C6-90F3-E55C02E907DC}"
EndProject
Global
	GlobalSection(SolutionConfigurationPlatforms) = preSolution
		Debug|Any CPU = Debug|Any CPU
		Debug|x64 = Debug|x64
		Debug|x86 = Debug|x86
		Release|Any CPU = Release|Any CPU
		Release|x64 = Release|x64
		Release|x86 = Release|x86
	EndGlobalSection
	GlobalSection(SolutionProperties) = preSolution
		HideSolutionNode = FALSE
	EndGlobalSection
	GlobalSection(ProjectConfigurationPlatforms) = postSolution
		{CE3D718D-7940-4BB3-91CD-B39B1A810152}.Debug|Any CPU.ActiveCfg = Debug|Any CPU
		{CE3D718D-7940-4BB3-91CD-B39B1A810152}.Debug|Any CPU.Build.0 = Debug|Any CPU
		{CE3D718D-7940-4BB3-91CD-B39B1A810152}.Debug|x64.ActiveCfg = Debug|Any CPU
		{CE3D718D-7940-4BB3-91CD-B39B1A810152}.Debug|x64.Build.0 = Debug|Any CPU
		{CE3D718D-7940-4BB3-91CD-B39B1A810152}.Debug|x86.ActiveCfg = Debug|Any CPU
		{CE3D718D-7940-4BB3-91CD-B39B1A810152}.Debug|x86.Build.0 = Debug|Any CPU
		{CE3D718D-7940-4BB3-91CD-B39B1A810152}.Release|Any CPU.ActiveCfg = Release|Any CPU
		{CE3D718D-7940-4BB3-91CD-B39B1A810152}.Release|Any CPU.Build.0 = Release|Any CPU
		{CE3D718D-7940-4BB3-91CD-B39B1A810152}.Release|x64.ActiveCfg = Release|Any CPU
		{CE3D718D-7940-4BB3-91CD-B39B1A810152}.Release|x64.Build.0 = Release|Any CPU
		{CE3D718D-7940-4BB3-91CD-B39B1A810152}.Release|x86.ActiveCfg = Release|Any CPU
		{CE3D718D-7940-4BB3-91CD-B39B1A810152}.Release|x86.Build.0 = Release|Any CPU
		{93724A0B-A9C2-4AFC-BA9B-518026169FC7}.Debug|Any CPU.ActiveCfg = Debug|Any CPU
		{93724A0B-A9C2-4AFC-BA9B-518026169FC7}.Debug|Any CPU.Build.0 = Debug|Any CPU
		{93724A0B-A9C2-4AFC-BA9B-518026169FC7}.Debug|x64.ActiveCfg = Debug|Any CPU
		{93724A0B-A9C2-4AFC-BA9B-518026169FC7}.Debug|x64.Build.0 = Debug|Any CPU
		{93724A0B-A9C2-4AFC-BA9B-518026169FC7}.Debug|x86.ActiveCfg = Debug|Any CPU
		{93724A0B-A9C2-4AFC-BA9B-518026169FC7}.Debug|x86.Build.0 = Debug|Any CPU
		{93724A0B-A9C2-4AFC-BA9B-518026169FC7}.Release|Any CPU.ActiveCfg = Release|Any CPU
		{93724A0B-A9C2-4AFC-BA9B-518026169FC7}.Release|Any CPU.Build.0 = Release|Any CPU
		{93724A0B-A9C2-4AFC-BA9B-518026169FC7}.Release|x64.ActiveCfg = Release|Any CPU
		{93724A0B-A9C2-4AFC-BA9B-518026169FC7}.Release|x64.Build.0 = Release|Any CPU
		{93724A0B-A9C2-4AFC-BA9B-518026169FC7}.Release|x86.ActiveCfg = Release|Any CPU
		{93724A0B-A9C2-4AFC-BA9B-518026169FC7}.Release|x86.Build.0 = Release|Any CPU
		{6D00471A-D5FB-48FB-B59C-D49275453276}.Debug|Any CPU.ActiveCfg = Debug|Any CPU
		{6D00471A-D5FB-48FB-B59C-D49275453276}.Debug|Any CPU.Build.0 = Debug|Any CPU
		{6D00471A-D5FB-48FB-B59C-D49275453276}.Debug|x64.ActiveCfg = Debug|Any CPU
		{6D00471A-D5FB-48FB-B59C-D49275453276}.Debug|x64.Build.0 = Debug|Any CPU
		{6D00471A-D5FB-48FB-B59C-D49275453276}.Debug|x86.ActiveCfg = Debug|Any CPU
		{6D00471A-D5FB-48FB-B59C-D49275453276}.Debug|x86.Build.0 = Debug|Any CPU
		{6D00471A-D5FB-48FB-B59C-D49275453276}.Release|Any CPU.ActiveCfg = Release|Any CPU
		{6D00471A-D5FB-48FB-B59C-D49275453276}.Release|Any CPU.Build.0 = Release|Any CPU
		{6D00471A-D5FB-48FB-B59C-D49275453276}.Release|x64.ActiveCfg = Release|Any CPU
		{6D00471A-D5FB-48FB-B59C-D49275453276}.Release|x64.Build.0 = Release|Any CPU
		{6D00471A-D5FB-48FB-B59C-D49275453276}.Release|x86.ActiveCfg = Release|Any CPU
		{6D00471A-D5FB-48FB-B59C-D49275453276}.Release|x86.Build.0 = Release|Any CPU
		{65B96FE8-23D3-42AB-AA42-A2549D4C2EA2}.Debug|Any CPU.ActiveCfg = Debug|Any CPU
		{65B96FE8-23D3-42AB-AA42-A2549D4C2EA2}.Debug|Any CPU.Build.0 = Debug|Any CPU
		{65B96FE8-23D3-42AB-AA42-A2549D4C2EA2}.Debug|x64.ActiveCfg = Debug|Any CPU
		{65B96FE8-23D3-42AB-AA42-A2549D4C2EA2}.Debug|x64.Build.0 = Debug|Any CPU
		{65B96FE8-23D3-42AB-AA42-A2549D4C2EA2}.Debug|x86.ActiveCfg = Debug|Any CPU
		{65B96FE8-23D3-42AB-AA42-A2549D4C2EA2}.Debug|x86.Build.0 = Debug|Any CPU
		{65B96FE8-23D3-42AB-AA42-A2549D4C2EA2}.Release|Any CPU.ActiveCfg = Release|Any CPU
		{65B96FE8-23D3-42AB-AA42-A2549D4C2EA2}.Release|Any CPU.Build.0 = Release|Any CPU
		{65B96FE8-23D3-42AB-AA42-A2549D4C2EA2}.Release|x64.ActiveCfg = Release|Any CPU
		{65B96FE8-23D3-42AB-AA42-A2549D4C2EA2}.Release|x64.Build.0 = Release|Any CPU
		{65B96FE8-23D3-42AB-AA42-A2549D4C2EA2}.Release|x86.ActiveCfg = Release|Any CPU
		{65B96FE8-23D3-42AB-AA42-A2549D4C2EA2}.Release|x86.Build.0 = Release|Any CPU
		{C4112D52-7931-420E-9998-2BF29D7D3494}.Debug|Any CPU.ActiveCfg = Debug|Any CPU
		{C4112D52-7931-420E-9998-2BF29D7D3494}.Debug|Any CPU.Build.0 = Debug|Any CPU
		{C4112D52-7931-420E-9998-2BF29D7D3494}.Debug|x64.ActiveCfg = Debug|Any CPU
		{C4112D52-7931-420E-9998-2BF29D7D3494}.Debug|x64.Build.0 = Debug|Any CPU
		{C4112D52-7931-420E-9998-2BF29D7D3494}.Debug|x86.ActiveCfg = Debug|Any CPU
		{C4112D52-7931-420E-9998-2BF29D7D3494}.Debug|x86.Build.0 = Debug|Any CPU
		{C4112D52-7931-420E-9998-2BF29D7D3494}.Release|Any CPU.ActiveCfg = Release|Any CPU
		{C4112D52-7931-420E-9998-2BF29D7D3494}.Release|Any CPU.Build.0 = Release|Any CPU
		{C4112D52-7931-420E-9998-2BF29D7D3494}.Release|x64.ActiveCfg = Release|Any CPU
		{C4112D52-7931-420E-9998-2BF29D7D3494}.Release|x64.Build.0 = Release|Any CPU
		{C4112D52-7931-420E-9998-2BF29D7D3494}.Release|x86.ActiveCfg = Release|Any CPU
		{C4112D52-7931-420E-9998-2BF29D7D3494}.Release|x86.Build.0 = Release|Any CPU
		{FC32D1D9-B4A6-4F9E-83A8-5F08819D464D}.Debug|Any CPU.ActiveCfg = Debug|Any CPU
		{FC32D1D9-B4A6-4F9E-83A8-5F08819D464D}.Debug|Any CPU.Build.0 = Debug|Any CPU
		{FC32D1D9-B4A6-4F9E-83A8-5F08819D464D}.Debug|x64.ActiveCfg = Debug|Any CPU
		{FC32D1D9-B4A6-4F9E-83A8-5F08819D464D}.Debug|x64.Build.0 = Debug|Any CPU
		{FC32D1D9-B4A6-4F9E-83A8-5F08819D464D}.Debug|x86.ActiveCfg = Debug|Any CPU
		{FC32D1D9-B4A6-4F9E-83A8-5F08819D464D}.Debug|x86.Build.0 = Debug|Any CPU
		{FC32D1D9-B4A6-4F9E-83A8-5F08819D464D}.Release|Any CPU.ActiveCfg = Release|Any CPU
		{FC32D1D9-B4A6-4F9E-83A8-5F08819D464D}.Release|Any CPU.Build.0 = Release|Any CPU
		{FC32D1D9-B4A6-4F9E-83A8-5F08819D464D}.Release|x64.ActiveCfg = Release|Any CPU
		{FC32D1D9-B4A6-4F9E-83A8-5F08819D464D}.Release|x64.Build.0 = Release|Any CPU
		{FC32D1D9-B4A6-4F9E-83A8-5F08819D464D}.Release|x86.ActiveCfg = Release|Any CPU
		{FC32D1D9-B4A6-4F9E-83A8-5F08819D464D}.Release|x86.Build.0 = Release|Any CPU
		{585E2762-85C8-461B-8505-D9ECCA4C222C}.Debug|Any CPU.ActiveCfg = Debug|Any CPU
		{585E2762-85C8-461B-8505-D9ECCA4C222C}.Debug|Any CPU.Build.0 = Debug|Any CPU
		{585E2762-85C8-461B-8505-D9ECCA4C222C}.Debug|x64.ActiveCfg = Debug|Any CPU
		{585E2762-85C8-461B-8505-D9ECCA4C222C}.Debug|x64.Build.0 = Debug|Any CPU
		{585E2762-85C8-461B-8505-D9ECCA4C222C}.Debug|x86.ActiveCfg = Debug|Any CPU
		{585E2762-85C8-461B-8505-D9ECCA4C222C}.Debug|x86.Build.0 = Debug|Any CPU
		{585E2762-85C8-461B-8505-D9ECCA4C222C}.Release|Any CPU.ActiveCfg = Release|Any CPU
		{585E2762-85C8-461B-8505-D9ECCA4C222C}.Release|Any CPU.Build.0 = Release|Any CPU
		{585E2762-85C8-461B-8505-D9ECCA4C222C}.Release|x64.ActiveCfg = Release|Any CPU
		{585E2762-85C8-461B-8505-D9ECCA4C222C}.Release|x64.Build.0 = Release|Any CPU
		{585E2762-85C8-461B-8505-D9ECCA4C222C}.Release|x86.ActiveCfg = Release|Any CPU
		{585E2762-85C8-461B-8505-D9ECCA4C222C}.Release|x86.Build.0 = Release|Any CPU
		{8DAE0E91-0F99-451C-8EBA-91B76BC88F35}.Debug|Any CPU.ActiveCfg = Debug|Any CPU
		{8DAE0E91-0F99-451C-8EBA-91B76BC88F35}.Debug|Any CPU.Build.0 = Debug|Any CPU
		{8DAE0E91-0F99-451C-8EBA-91B76BC88F35}.Debug|x64.ActiveCfg = Debug|Any CPU
		{8DAE0E91-0F99-451C-8EBA-91B76BC88F35}.Debug|x64.Build.0 = Debug|Any CPU
		{8DAE0E91-0F99-451C-8EBA-91B76BC88F35}.Debug|x86.ActiveCfg = Debug|Any CPU
		{8DAE0E91-0F99-451C-8EBA-91B76BC88F35}.Debug|x86.Build.0 = Debug|Any CPU
		{8DAE0E91-0F99-451C-8EBA-91B76BC88F35}.Release|Any CPU.ActiveCfg = Release|Any CPU
		{8DAE0E91-0F99-451C-8EBA-91B76BC88F35}.Release|Any CPU.Build.0 = Release|Any CPU
		{8DAE0E91-0F99-451C-8EBA-91B76BC88F35}.Release|x64.ActiveCfg = Release|Any CPU
		{8DAE0E91-0F99-451C-8EBA-91B76BC88F35}.Release|x64.Build.0 = Release|Any CPU
		{8DAE0E91-0F99-451C-8EBA-91B76BC88F35}.Release|x86.ActiveCfg = Release|Any CPU
		{8DAE0E91-0F99-451C-8EBA-91B76BC88F35}.Release|x86.Build.0 = Release|Any CPU
		{79172189-9389-4737-A029-DFD8A7FE26A9}.Debug|Any CPU.ActiveCfg = Debug|Any CPU
		{79172189-9389-4737-A029-DFD8A7FE26A9}.Debug|Any CPU.Build.0 = Debug|Any CPU
		{79172189-9389-4737-A029-DFD8A7FE26A9}.Debug|x64.ActiveCfg = Debug|Any CPU
		{79172189-9389-4737-A029-DFD8A7FE26A9}.Debug|x64.Build.0 = Debug|Any CPU
		{79172189-9389-4737-A029-DFD8A7FE26A9}.Debug|x86.ActiveCfg = Debug|Any CPU
		{79172189-9389-4737-A029-DFD8A7FE26A9}.Debug|x86.Build.0 = Debug|Any CPU
		{79172189-9389-4737-A029-DFD8A7FE26A9}.Release|Any CPU.ActiveCfg = Release|Any CPU
		{79172189-9389-4737-A029-DFD8A7FE26A9}.Release|Any CPU.Build.0 = Release|Any CPU
		{79172189-9389-4737-A029-DFD8A7FE26A9}.Release|x64.ActiveCfg = Release|Any CPU
		{79172189-9389-4737-A029-DFD8A7FE26A9}.Release|x64.Build.0 = Release|Any CPU
		{79172189-9389-4737-A029-DFD8A7FE26A9}.Release|x86.ActiveCfg = Release|Any CPU
		{79172189-9389-4737-A029-DFD8A7FE26A9}.Release|x86.Build.0 = Release|Any CPU
		{59804CCA-7138-4B0B-9EE3-7AA00368A3C4}.Debug|Any CPU.ActiveCfg = Debug|Any CPU
		{59804CCA-7138-4B0B-9EE3-7AA00368A3C4}.Debug|Any CPU.Build.0 = Debug|Any CPU
		{59804CCA-7138-4B0B-9EE3-7AA00368A3C4}.Debug|x64.ActiveCfg = Debug|Any CPU
		{59804CCA-7138-4B0B-9EE3-7AA00368A3C4}.Debug|x64.Build.0 = Debug|Any CPU
		{59804CCA-7138-4B0B-9EE3-7AA00368A3C4}.Debug|x86.ActiveCfg = Debug|Any CPU
		{59804CCA-7138-4B0B-9EE3-7AA00368A3C4}.Debug|x86.Build.0 = Debug|Any CPU
		{59804CCA-7138-4B0B-9EE3-7AA00368A3C4}.Release|Any CPU.ActiveCfg = Release|Any CPU
		{59804CCA-7138-4B0B-9EE3-7AA00368A3C4}.Release|Any CPU.Build.0 = Release|Any CPU
		{59804CCA-7138-4B0B-9EE3-7AA00368A3C4}.Release|x64.ActiveCfg = Release|Any CPU
		{59804CCA-7138-4B0B-9EE3-7AA00368A3C4}.Release|x64.Build.0 = Release|Any CPU
		{59804CCA-7138-4B0B-9EE3-7AA00368A3C4}.Release|x86.ActiveCfg = Release|Any CPU
		{59804CCA-7138-4B0B-9EE3-7AA00368A3C4}.Release|x86.Build.0 = Release|Any CPU
		{FC8E9DD1-B3FC-47DA-A7C5-99DE069308F5}.Debug|Any CPU.ActiveCfg = Debug|Any CPU
		{FC8E9DD1-B3FC-47DA-A7C5-99DE069308F5}.Debug|Any CPU.Build.0 = Debug|Any CPU
		{FC8E9DD1-B3FC-47DA-A7C5-99DE069308F5}.Debug|x64.ActiveCfg = Debug|Any CPU
		{FC8E9DD1-B3FC-47DA-A7C5-99DE069308F5}.Debug|x64.Build.0 = Debug|Any CPU
		{FC8E9DD1-B3FC-47DA-A7C5-99DE069308F5}.Debug|x86.ActiveCfg = Debug|Any CPU
		{FC8E9DD1-B3FC-47DA-A7C5-99DE069308F5}.Debug|x86.Build.0 = Debug|Any CPU
		{FC8E9DD1-B3FC-47DA-A7C5-99DE069308F5}.Release|Any CPU.ActiveCfg = Release|Any CPU
		{FC8E9DD1-B3FC-47DA-A7C5-99DE069308F5}.Release|Any CPU.Build.0 = Release|Any CPU
		{FC8E9DD1-B3FC-47DA-A7C5-99DE069308F5}.Release|x64.ActiveCfg = Release|Any CPU
		{FC8E9DD1-B3FC-47DA-A7C5-99DE069308F5}.Release|x64.Build.0 = Release|Any CPU
		{FC8E9DD1-B3FC-47DA-A7C5-99DE069308F5}.Release|x86.ActiveCfg = Release|Any CPU
		{FC8E9DD1-B3FC-47DA-A7C5-99DE069308F5}.Release|x86.Build.0 = Release|Any CPU
		{2120D849-45EC-43C6-90F3-E55C02E907DC}.Debug|Any CPU.ActiveCfg = Debug|Any CPU
		{2120D849-45EC-43C6-90F3-E55C02E907DC}.Debug|Any CPU.Build.0 = Debug|Any CPU
		{2120D849-45EC-43C6-90F3-E55C02E907DC}.Debug|x64.ActiveCfg = Debug|Any CPU
		{2120D849-45EC-43C6-90F3-E55C02E907DC}.Debug|x64.Build.0 = Debug|Any CPU
		{2120D849-45EC-43C6-90F3-E55C02E907DC}.Debug|x86.ActiveCfg = Debug|Any CPU
		{2120D849-45EC-43C6-90F3-E55C02E907DC}.Debug|x86.Build.0 = Debug|Any CPU
		{2120D849-45EC-43C6-90F3-E55C02E907DC}.Release|Any CPU.ActiveCfg = Release|Any CPU
		{2120D849-45EC-43C6-90F3-E55C02E907DC}.Release|Any CPU.Build.0 = Release|Any CPU
		{2120D849-45EC-43C6-90F3-E55C02E907DC}.Release|x64.ActiveCfg = Release|Any CPU
		{2120D849-45EC-43C6-90F3-E55C02E907DC}.Release|x64.Build.0 = Release|Any CPU
		{2120D849-45EC-43C6-90F3-E55C02E907DC}.Release|x86.ActiveCfg = Release|Any CPU
		{2120D849-45EC-43C6-90F3-E55C02E907DC}.Release|x86.Build.0 = Release|Any CPU
	EndGlobalSection
	GlobalSection(NestedProjects) = preSolution
		{AD25E410-D417-11EB-985B-8189B2031157} = {9FEAFF40-CF55-11EB-A9EE-2567FA006AD4}
		{C4112D52-7931-420E-9998-2BF29D7D3494} = {9FEAFF40-CF55-11EB-A9EE-2567FA006AD4}
		{65B96FE8-23D3-42AB-AA42-A2549D4C2EA2} = {9FEAFF40-CF55-11EB-A9EE-2567FA006AD4}
		{79172189-9389-4737-A029-DFD8A7FE26A9} = {9FEAFF40-CF55-11EB-A9EE-2567FA006AD4}
		{FC8E9DD1-B3FC-47DA-A7C5-99DE069308F5} = {9FEAFF40-CF55-11EB-A9EE-2567FA006AD4}
		{2120D849-45EC-43C6-90F3-E55C02E907DC} = {AD25E410-D417-11EB-985B-8189B2031157}
	EndGlobalSection
EndGlobal
